
Microsoft Visual Studio Solution File, Format Version 12.00
# Visual Studio 14
VisualStudioVersion = 14.0.24720.0
MinimumVisualStudioVersion = 10.0.40219.1
Project("{FAE04EC0-301F-11D3-BF4B-00C04F79EFBC}") = "AStarAlgorithm", "AStarAlgorithm\AStarAlgorithm.csproj", "{88ECD9F7-D0F0-4C4B-9212-7099E345912F}"
EndProject
Global
	GlobalSection(SolutionConfigurationPlatforms) = preSolution
		Debug|Any CPU = Debug|Any CPU
		Release|Any CPU = Release|Any CPU
	EndGlobalSection
	GlobalSection(ProjectConfigurationPlatforms) = postSolution
		{88ECD9F7-D0F0-4C4B-9212-7099E345912F}.Debug|Any CPU.ActiveCfg = Debug|Any CPU
		{88ECD9F7-D0F0-4C4B-9212-7099E345912F}.Debug|Any CPU.Build.0 = Debug|Any CPU
		{88ECD9F7-D0F0-4C4B-9212-7099E345912F}.Release|Any CPU.ActiveCfg = Release|Any CPU
		{88ECD9F7-D0F0-4C4B-9212-7099E345912F}.Release|Any CPU.Build.0 = Release|Any CPU
	EndGlobalSection
	GlobalSection(SolutionProperties) = preSolution
		HideSolutionNode = FALSE
	EndGlobalSection
EndGlobal
